// !$*UTF8*$!
{
	archiveVersion = 1;
	classes = {
	};
	objectVersion = 46;
	objects = {

/* Begin PBXBuildFile section */
		03303CC51AEE7F750014F11A /* AppDelegate.swift in Sources */ = {isa = PBXBuildFile; fileRef = 03303CC41AEE7F750014F11A /* AppDelegate.swift */; };
		03303CC71AEE7F750014F11A /* ViewController.swift in Sources */ = {isa = PBXBuildFile; fileRef = 03303CC61AEE7F750014F11A /* ViewController.swift */; };
		03303CCA1AEE7F750014F11A /* Main.storyboard in Resources */ = {isa = PBXBuildFile; fileRef = 03303CC81AEE7F750014F11A /* Main.storyboard */; };
		03303CCC1AEE7F750014F11A /* Images.xcassets in Resources */ = {isa = PBXBuildFile; fileRef = 03303CCB1AEE7F750014F11A /* Images.xcassets */; };
		03303CCF1AEE7F750014F11A /* LaunchScreen.xib in Resources */ = {isa = PBXBuildFile; fileRef = 03303CCD1AEE7F750014F11A /* LaunchScreen.xib */; };
		03303CDB1AEE7F760014F11A /* calculator2Tests.swift in Sources */ = {isa = PBXBuildFile; fileRef = 03303CDA1AEE7F760014F11A /* calculator2Tests.swift */; };
/* End PBXBuildFile section */

/* Begin PBXContainerItemProxy section */
		03303CD51AEE7F760014F11A /* PBXContainerItemProxy */ = {
			isa = PBXContainerItemProxy;
			containerPortal = 03303CB71AEE7F750014F11A /* Project object */;
			proxyType = 1;
			remoteGlobalIDString = 03303CBE1AEE7F750014F11A;
			remoteInfo = calculator2;
		};
/* End PBXContainerItemProxy section */

/* Begin PBXFileReference section */
		03303CBF1AEE7F750014F11A /* calculator2.app */ = {isa = PBXFileReference; explicitFileType = wrapper.application; includeInIndex = 0; path = calculator2.app; sourceTree = BUILT_PRODUCTS_DIR; };
		03303CC31AEE7F750014F11A /* Info.plist */ = {isa = PBXFileReference; lastKnownFileType = text.plist.xml; path = Info.plist; sourceTree = "<group>"; };
		03303CC41AEE7F750014F11A /* AppDelegate.swift */ = {isa = PBXFileReference; lastKnownFileType = sourcecode.swift; path = AppDelegate.swift; sourceTree = "<group>"; };
		03303CC61AEE7F750014F11A /* ViewController.swift */ = {isa = PBXFileReference; lastKnownFileType = sourcecode.swift; path = ViewController.swift; sourceTree = "<group>"; };
		03303CC91AEE7F750014F11A /* Base */ = {isa = PBXFileReference; lastKnownFileType = file.storyboard; name = Base; path = Base.lproj/Main.storyboard; sourceTree = "<group>"; };
		03303CCB1AEE7F750014F11A /* Images.xcassets */ = {isa = PBXFileReference; lastKnownFileType = folder.assetcatalog; path = Images.xcassets; sourceTree = "<group>"; };
		03303CCE1AEE7F750014F11A /* Base */ = {isa = PBXFileReference; lastKnownFileType = file.xib; name = Base; path = Base.lproj/LaunchScreen.xib; sourceTree = "<group>"; };
		03303CD41AEE7F760014F11A /* calculator2Tests.xctest */ = {isa = PBXFileReference; explicitFileType = wrapper.cfbundle; includeInIndex = 0; path = calculator2Tests.xctest; sourceTree = BUILT_PRODUCTS_DIR; };
		03303CD91AEE7F760014F11A /* Info.plist */ = {isa = PBXFileReference; lastKnownFileType = text.plist.xml; path = Info.plist; sourceTree = "<group>"; };
		03303CDA1AEE7F760014F11A /* calculator2Tests.swift */ = {isa = PBXFileReference; lastKnownFileType = sourcecode.swift; path = calculator2Tests.swift; sourceTree = "<group>"; };
/* End PBXFileReference section */

/* Begin PBXFrameworksBuildPhase section */
		03303CBC1AEE7F750014F11A /* Frameworks */ = {
			isa = PBXFrameworksBuildPhase;
			buildActionMask = 2147483647;
			files = (
			);
			runOnlyForDeploymentPostprocessing = 0;
		};
		03303CD11AEE7F760014F11A /* Frameworks */ = {
			isa = PBXFrameworksBuildPhase;
			buildActionMask = 2147483647;
			files = (
			);
			runOnlyForDeploymentPostprocessing = 0;
		};
/* End PBXFrameworksBuildPhase section */

/* Begin PBXGroup section */
		03303CB61AEE7F750014F11A = {
			isa = PBXGroup;
			children = (
				03303CC11AEE7F750014F11A /* calculator2 */,
				03303CD71AEE7F760014F11A /* calculator2Tests */,
				03303CC01AEE7F750014F11A /* Products */,
			);
			sourceTree = "<group>";
		};
		03303CC01AEE7F750014F11A /* Products */ = {
			isa = PBXGroup;
			children = (
				03303CBF1AEE7F750014F11A /* calculator2.app */,
				03303CD41AEE7F760014F11A /* calculator2Tests.xctest */,
			);
			name = Products;
			sourceTree = "<group>";
		};
		03303CC11AEE7F750014F11A /* calculator2 */ = {
			isa = PBXGroup;
			children = (
				03303CC61AEE7F750014F11A /* ViewController.swift */,
				03303CC81AEE7F750014F11A /* Main.storyboard */,
				03303CC21AEE7F750014F11A /* Supporting Files */,
			);
			path = calculator2;
			sourceTree = "<group>";
		};
		03303CC21AEE7F750014F11A /* Supporting Files */ = {
			isa = PBXGroup;
			children = (
				03303CCB1AEE7F750014F11A /* Images.xcassets */,
				03303CCD1AEE7F750014F11A /* LaunchScreen.xib */,
				03303CC41AEE7F750014F11A /* AppDelegate.swift */,
				03303CC31AEE7F750014F11A /* Info.plist */,
			);
			name = "Supporting Files";
			sourceTree = "<group>";
		};
		03303CD71AEE7F760014F11A /* calculator2Tests */ = {
			isa = PBXGroup;
			children = (
				03303CDA1AEE7F760014F11A /* calculator2Tests.swift */,
				03303CD81AEE7F760014F11A /* Supporting Files */,
			);
			path = calculator2Tests;
			sourceTree = "<group>";
		};
		03303CD81AEE7F760014F11A /* Supporting Files */ = {
			isa = PBXGroup;
			children = (
				03303CD91AEE7F760014F11A /* Info.plist */,
			);
			name = "Supporting Files";
			sourceTree = "<group>";
		};
/* End PBXGroup section */

/* Begin PBXNativeTarget section */
		03303CBE1AEE7F750014F11A /* calculator2 */ = {
			isa = PBXNativeTarget;
			buildConfigurationList = 03303CDE1AEE7F760014F11A /* Build configuration list for PBXNativeTarget "calculator2" */;
			buildPhases = (
				03303CBB1AEE7F750014F11A /* Sources */,
				03303CBC1AEE7F750014F11A /* Frameworks */,
				03303CBD1AEE7F750014F11A /* Resources */,
			);
			buildRules = (
			);
			dependencies = (
			);
			name = calculator2;
			productName = calculator2;
			productReference = 03303CBF1AEE7F750014F11A /* calculator2.app */;
			productType = "com.apple.product-type.application";
		};
		03303CD31AEE7F760014F11A /* calculator2Tests */ = {
			isa = PBXNativeTarget;
			buildConfigurationList = 03303CE11AEE7F760014F11A /* Build configuration list for PBXNativeTarget "calculator2Tests" */;
			buildPhases = (
				03303CD01AEE7F760014F11A /* Sources */,
				03303CD11AEE7F760014F11A /* Frameworks */,
				03303CD21AEE7F760014F11A /* Resources */,
			);
			buildRules = (
			);
			dependencies = (
				03303CD61AEE7F760014F11A /* PBXTargetDependency */,
			);
			name = calculator2Tests;
			productName = calculator2Tests;
			productReference = 03303CD41AEE7F760014F11A /* calculator2Tests.xctest */;
			productType = "com.apple.product-type.bundle.unit-test";
		};
/* End PBXNativeTarget section */

/* Begin PBXProject section */
		03303CB71AEE7F750014F11A /* Project object */ = {
			isa = PBXProject;
			attributes = {
				LastUpgradeCheck = 0630;
				ORGANIZATIONNAME = xuhui;
				TargetAttributes = {
					03303CBE1AEE7F750014F11A = {
						CreatedOnToolsVersion = 6.3;
					};
					03303CD31AEE7F760014F11A = {
						CreatedOnToolsVersion = 6.3;
						TestTargetID = 03303CBE1AEE7F750014F11A;
					};
				};
			};
			buildConfigurationList = 03303CBA1AEE7F750014F11A /* Build configuration list for PBXProject "calculator2" */;
			compatibilityVersion = "Xcode 3.2";
			developmentRegion = English;
			hasScannedForEncodings = 0;
			knownRegions = (
				en,
				Base,
			);
			mainGroup = 03303CB61AEE7F750014F11A;
			productRefGroup = 03303CC01AEE7F750014F11A /* Products */;
			projectDirPath = "";
			projectRoot = "";
			targets = (
				03303CBE1AEE7F750014F11A /* calculator2 */,
				03303CD31AEE7F760014F11A /* calculator2Tests */,
			);
		};
/* End PBXProject section */

/* Begin PBXResourcesBuildPhase section */
		03303CBD1AEE7F750014F11A /* Resources */ = {
			isa = PBXResourcesBuildPhase;
			buildActionMask = 2147483647;
			files = (
				03303CCA1AEE7F750014F11A /* Main.storyboard in Resources */,
				03303CCF1AEE7F750014F11A /* LaunchScreen.xib in Resources */,
				03303CCC1AEE7F750014F11A /* Images.xcassets in Resources */,
			);
			runOnlyForDeploymentPostprocessing = 0;
		};
		03303CD21AEE7F760014F11A /* Resources */ = {
			isa = PBXResourcesBuildPhase;
			buildActionMask = 2147483647;
			files = (
			);
			runOnlyForDeploymentPostprocessing = 0;
		};
/* End PBXResourcesBuildPhase section */

/* Begin PBXSourcesBuildPhase section */
		03303CBB1AEE7F750014F11A /* Sources */ = {
			isa = PBXSourcesBuildPhase;
			buildActionMask = 2147483647;
			files = (
				03303CC71AEE7F750014F11A /* ViewController.swift in Sources */,
				03303CC51AEE7F750014F11A /* AppDelegate.swift in Sources */,
			);
			runOnlyForDeploymentPostprocessing = 0;
		};
		03303CD01AEE7F760014F11A /* Sources */ = {
			isa = PBXSourcesBuildPhase;
			buildActionMask = 2147483647;
			files = (
				03303CDB1AEE7F760014F11A /* calculator2Tests.swift in Sources */,
			);
			runOnlyForDeploymentPostprocessing = 0;
		};
/* End PBXSourcesBuildPhase section */

/* Begin PBXTargetDependency section */
		03303CD61AEE7F760014F11A /* PBXTargetDependency */ = {
			isa = PBXTargetDependency;
			target = 03303CBE1AEE7F750014F11A /* calculator2 */;
			targetProxy = 03303CD51AEE7F760014F11A /* PBXContainerItemProxy */;
		};
/* End PBXTargetDependency section */

/* Begin PBXVariantGroup section */
		03303CC81AEE7F750014F11A /* Main.storyboard */ = {
			isa = PBXVariantGroup;
			children = (
				03303CC91AEE7F750014F11A /* Base */,
			);
			name = Main.storyboard;
			sourceTree = "<group>";
		};
		03303CCD1AEE7F750014F11A /* LaunchScreen.xib */ = {
			isa = PBXVariantGroup;
			children = (
				03303CCE1AEE7F750014F11A /* Base */,
			);
			name = LaunchScreen.xib;
			sourceTree = "<group>";
		};
/* End PBXVariantGroup section */

/* Begin XCBuildConfiguration section */
		03303CDC1AEE7F760014F11A /* Debug */ = {
			isa = XCBuildConfiguration;
			buildSettings = {
				ALWAYS_SEARCH_USER_PATHS = NO;
				CLANG_CXX_LANGUAGE_STANDARD = "gnu++0x";
				CLANG_CXX_LIBRARY = "libc++";
				CLANG_ENABLE_MODULES = YES;
				CLANG_ENABLE_OBJC_ARC = YES;
				CLANG_WARN_BOOL_CONVERSION = YES;
				CLANG_WARN_CONSTANT_CONVERSION = YES;
				CLANG_WARN_DIRECT_OBJC_ISA_USAGE = YES_ERROR;
				CLANG_WARN_EMPTY_BODY = YES;
				CLANG_WARN_ENUM_CONVERSION = YES;
				CLANG_WARN_INT_CONVERSION = YES;
				CLANG_WARN_OBJC_ROOT_CLASS = YES_ERROR;
				CLANG_WARN_UNREACHABLE_CODE = YES;
				CLANG_WARN__DUPLICATE_METHOD_MATCH = YES;
				"CODE_SIGN_IDENTITY[sdk=iphoneos*]" = "iPhone Developer";
				COPY_PHASE_STRIP = NO;
				DEBUG_INFORMATION_FORMAT = "dwarf-with-dsym";
				ENABLE_STRICT_OBJC_MSGSEND = YES;
				GCC_C_LANGUAGE_STANDARD = gnu99;
				GCC_DYNAMIC_NO_PIC = NO;
				GCC_NO_COMMON_BLOCKS = YES;
				GCC_OPTIMIZATION_LEVEL = 0;
				GCC_PREPROCESSOR_DEFINITIONS = (
					"DEBUG=1",
					"$(inherited)",
				);
				GCC_SYMBOLS_PRIVATE_EXTERN = NO;
				GCC_WARN_64_TO_32_BIT_CONVERSION = YES;
				GCC_WARN_ABOUT_RETURN_TYPE = YES_ERROR;
				GCC_WARN_UNDECLARED_SELECTOR = YES;
				GCC_WARN_UNINITIALIZED_AUTOS = YES_AGGRESSIVE;
				GCC_WARN_UNUSED_FUNCTION = YES;
				GCC_WARN_UNUSED_VARIABLE = YES;
				IPHONEOS_DEPLOYMENT_TARGET = 8.3;
				MTL_ENABLE_DEBUG_INFO = YES;
				ONLY_ACTIVE_ARCH = YES;
				SDKROOT = iphoneos;
				SWIFT_OPTIMIZATION_LEVEL = "-Onone";
				TARGETED_DEVICE_FAMILY = "1,2";
			};
			name = Debug;
		};
		03303CDD1AEE7F760014F11A /* Release */ = {
			isa = XCBuildConfiguration;
			buildSettings = {
				ALWAYS_SEARCH_USER_PATHS = NO;
				CLANG_CXX_LANGUAGE_STANDARD = "gnu++0x";
				CLANG_CXX_LIBRARY = "libc++";
				CLANG_ENABLE_MODULES = YES;
				CLANG_ENABLE_OBJC_ARC = YES;
				CLANG_WARN_BOOL_CONVERSION = YES;
				CLANG_WARN_CONSTANT_CONVERSION = YES;
				CLANG_WARN_DIRECT_OBJC_ISA_USAGE = YES_ERROR;
				CLANG_WARN_EMPTY_BODY = YES;
				CLANG_WARN_ENUM_CONVERSION = YES;
				CLANG_WARN_INT_CONVERSION = YES;
				CLANG_WARN_OBJC_ROOT_CLASS = YES_ERROR;
				CLANG_WARN_UNREACHABLE_CODE = YES;
				CLANG_WARN__DUPLICATE_METHOD_MATCH = YES;
				"CODE_SIGN_IDENTITY[sdk=iphoneos*]" = "iPhone Developer";
				COPY_PHASE_STRIP = NO;
				DEBUG_INFORMATION_FORMAT = "dwarf-with-dsym";
				ENABLE_NS_ASSERTIONS = NO;
				ENABLE_STRICT_OBJC_MSGSEND = YES;
				GCC_C_LANGUAGE_STANDARD = gnu99;
				GCC_NO_COMMON_BLOCKS = YES;
				GCC_WARN_64_TO_32_BIT_CONVERSION = YES;
				GCC_WARN_ABOUT_RETURN_TYPE = YES_ERROR;
				GCC_WARN_UNDECLARED_SELECTOR = YES;
				GCC_WARN_UNINITIALIZED_AUTOS = YES_AGGRESSIVE;
				GCC_WARN_UNUSED_FUNCTION = YES;
				GCC_WARN_UNUSED_VARIABLE = YES;
				IPHONEOS_DEPLOYMENT_TARGET = 8.3;
				MTL_ENABLE_DEBUG_INFO = NO;
				SDKROOT = iphoneos;
				TARGETED_DEVICE_FAMILY = "1,2";
				VALIDATE_PRODUCT = YES;
			};
			name = Release;
		};
		03303CDF1AEE7F760014F11A /* Debug */ = {
			isa = XCBuildConfiguration;
			buildSettings = {
				ASSETCATALOG_COMPILER_APPICON_NAME = AppIcon;
				INFOPLIST_FILE = calculator2/Info.plist;
				LD_RUNPATH_SEARCH_PATHS = "$(inherited) @executable_path/Frameworks";
				PRODUCT_NAME = "$(TARGET_NAME)";
			};
			name = Debug;
		};
		03303CE01AEE7F760014F11A /* Release */ = {
			isa = XCBuildConfiguration;
			buildSettings = {
				ASSETCATALOG_COMPILER_APPICON_NAME = AppIcon;
				INFOPLIST_FILE = calculator2/Info.plist;
				LD_RUNPATH_SEARCH_PATHS = "$(inherited) @executable_path/Frameworks";
				PRODUCT_NAME = "$(TARGET_NAME)";
			};
			name = Release;
		};
		03303CE21AEE7F760014F11A /* Debug */ = {
			isa = XCBuildConfiguration;
			buildSettings = {
				BUNDLE_LOADER = "$(TEST_HOST)";
				FRAMEWORK_SEARCH_PATHS = (
					"$(SDKROOT)/Developer/Library/Frameworks",
					"$(inherited)",
				);
				GCC_PREPROCESSOR_DEFINITIONS = (
					"DEBUG=1",
					"$(inherited)",
				);
				INFOPLIST_FILE = calculator2Tests/Info.plist;
				LD_RUNPATH_SEARCH_PATHS = "$(inherited) @executable_path/Frameworks @loader_path/Frameworks";
				PRODUCT_NAME = "$(TARGET_NAME)";
				TEST_HOST = "$(BUILT_PRODUCTS_DIR)/calculator2.app/calculator2";
			};
			name = Debug;
		};
		03303CE31AEE7F760014F11A /* Release */ = {
			isa = XCBuildConfiguration;
			buildSettings = {
				BUNDLE_LOADER = "$(TEST_HOST)";
				FRAMEWORK_SEARCH_PATHS = (
					"$(SDKROOT)/Developer/Library/Frameworks",
					"$(inherited)",
				);
				INFOPLIST_FILE = calculator2Tests/Info.plist;
				LD_RUNPATH_SEARCH_PATHS = "$(inherited) @executable_path/Frameworks @loader_path/Frameworks";
				PRODUCT_NAME = "$(TARGET_NAME)";
				TEST_HOST = "$(BUILT_PRODUCTS_DIR)/calculator2.app/calculator2";
			};
			name = Release;
		};
/* End XCBuildConfiguration section */

/* Begin XCConfigurationList section */
		03303CBA1AEE7F750014F11A /* Build configuration list for PBXProject "calculator2" */ = {
			isa = XCConfigurationList;
			buildConfigurations = (
				03303CDC1AEE7F760014F11A /* Debug */,
				03303CDD1AEE7F760014F11A /* Release */,
			);
			defaultConfigurationIsVisible = 0;
			defaultConfigurationName = Release;
		};
		03303CDE1AEE7F760014F11A /* Build configuration list for PBXNativeTarget "calculator2" */ = {
			isa = XCConfigurationList;
			buildConfigurations = (
				03303CDF1AEE7F760014F11A /* Debug */,
				03303CE01AEE7F760014F11A /* Release */,
			);
			defaultConfigurationIsVisible = 0;
		};
		03303CE11AEE7F760014F11A /* Build configuration list for PBXNativeTarget "calculator2Tests" */ = {
			isa = XCConfigurationList;
			buildConfigurations = (
				03303CE21AEE7F760014F11A /* Debug */,
				03303CE31AEE7F760014F11A /* Release */,
			);
			defaultConfigurationIsVisible = 0;
		};
/* End XCConfigurationList section */
	};
	rootObject = 03303CB71AEE7F750014F11A /* Project object */;
}
